Microsoft Visual Studio Solution File, Format Version 11.00
# Visual Studio 2008

Project("{D50BE16A-A80B-D339-A335-A1BEDEA2CA17}") = "Amnesia", "Assembly-CSharp.csproj", "{8CB6677D-FEF1-E7E2-7FF2-E1FA07C90F1A}"
EndProject
Global
	GlobalSection(SolutionConfigurationPlatforms) = preSolution
		Debug|Any CPU = Debug|Any CPU
		Release|Any CPU = Release|Any CPU
	EndGlobalSection
	GlobalSection(ProjectConfigurationPlatforms) = postSolution
		{8CB6677D-FEF1-E7E2-7FF2-E1FA07C90F1A}.Debug|Any CPU.ActiveCfg = Debug|Any CPU
		{8CB6677D-FEF1-E7E2-7FF2-E1FA07C90F1A}.Debug|Any CPU.Build.0 = Debug|Any CPU
		{8CB6677D-FEF1-E7E2-7FF2-E1FA07C90F1A}.Release|Any CPU.ActiveCfg = Release|Any CPU
		{8CB6677D-FEF1-E7E2-7FF2-E1FA07C90F1A}.Release|Any CPU.Build.0 = Release|Any CPU
	EndGlobalSection
	GlobalSection(SolutionProperties) = preSolution
		HideSolutionNode = FALSE
	EndGlobalSection
	GlobalSection(MonoDevelopProperties) = preSolution
		StartupItem = Assembly-CSharp.csproj
	EndGlobalSection
EndGlobal
